{
  "nodes": {
    "firefox-addons": {
      "inputs": {
        "flake-utils": "flake-utils",
        "nixpkgs": [
          "nixpkgs"
        ]
      },
      "locked": {
        "dir": "pkgs/firefox-addons",
        "lastModified": 1738901016,
        "narHash": "sha256-951N/EZZnq4+TmTV7jWBEQyjAdZ7f+jmfTrF6OgNe9o=",
        "owner": "rycee",
        "repo": "nur-expressions",
        "rev": "58bfa31fd4136a5b5fac268e93ff1789bd79d4a5",
        "type": "gitlab"
      },
      "original": {
        "dir": "pkgs/firefox-addons",
        "owner": "rycee",
        "repo": "nur-expressions",
        "type": "gitlab"
      }
    },
    "flake-utils": {
      "locked": {
        "lastModified": 1629284811,
        "narHash": "sha256-JHgasjPR0/J1J3DRm4KxM4zTyAj4IOJY8vIl75v/kPI=",
        "owner": "numtide",
        "repo": "flake-utils",
        "rev": "c5d161cc0af116a2e17f54316f0bf43f0819785c",
        "type": "github"
      },
      "original": {
        "owner": "numtide",
        "repo": "flake-utils",
        "type": "github"
      }
    },
    "home-manager": {
      "inputs": {
        "nixpkgs": [
          "nixpkgs"
        ]
      },
      "locked": {
        "lastModified": 1757075491,
        "narHash": "sha256-a+NMGl5tcvm+hyfSG2DlVPa8nZLpsumuRj1FfcKb2mQ=",
        "owner": "nix-community",
        "repo": "home-manager",
        "rev": "f56bf065f9abedc7bc15e1f2454aa5c8edabaacf",
        "type": "github"
      },
      "original": {
        "owner": "nix-community",
        "repo": "home-manager",
        "rev": "f56bf065f9abedc7bc15e1f2454aa5c8edabaacf",
        "type": "github"
      }
    },
    "nix-darwin": {
      "inputs": {
        "nixpkgs": [
          "nixpkgs"
        ]
      },
      "locked": {
        "lastModified": 1757130842,
        "narHash": "sha256-4i7KKuXesSZGUv0cLPLfxbmF1S72Gf/3aSypgvVkwuA=",
        "owner": "LnL7",
        "repo": "nix-darwin",
        "rev": "15f067638e2887c58c4b6ba1bdb65a0b61dc58c5",
        "type": "github"
      },
      "original": {
        "owner": "LnL7",
        "repo": "nix-darwin",
        "rev": "15f067638e2887c58c4b6ba1bdb65a0b61dc58c5",
        "type": "github"
      }
    },
    "nixpkgs": {
      "locked": {
        "lastModified": 1757171751,
        "narHash": "sha256-2+9p1HZaWaKn3Im3SoH56pBQ1kdJvon2Mf4Q6KSvxCU=",
        "owner": "HyunggyuJang",
        "repo": "nixpkgs",
        "rev": "5346c6e100934853c8d109dbcd501fcdc74cd072",
        "type": "github"
      },
      "original": {
        "owner": "HyunggyuJang",
        "repo": "nixpkgs",
        "rev": "5346c6e100934853c8d109dbcd501fcdc74cd072",
        "type": "github"
      }
    },
    "nixpkgs-firefox-darwin": {
      "inputs": {
        "nixpkgs": [
          "nixpkgs"
        ]
      },
      "locked": {
        "lastModified": 1757724982,
        "narHash": "sha256-Can0lxSUiV8To8QRzkqZUDyD9GGlouy4F8EwHJYC1ek=",
        "owner": "bandithedoge",
        "repo": "nixpkgs-firefox-darwin",
        "rev": "2b1445c2fd0b013d19d3c2d1041edda770809c2f",
        "type": "github"
      },
      "original": {
        "owner": "bandithedoge",
        "repo": "nixpkgs-firefox-darwin",
        "rev": "2b1445c2fd0b013d19d3c2d1041edda770809c2f",
        "type": "github"
      }
    },
    "root": {
      "inputs": {
        "firefox-addons": "firefox-addons",
        "home-manager": "home-manager",
        "nix-darwin": "nix-darwin",
        "nixpkgs": "nixpkgs",
        "nixpkgs-firefox-darwin": "nixpkgs-firefox-darwin"
      }
    }
  },
  "root": "root",
  "version": 7
}
