{
  "nodes": {
    "agenix": {
      "inputs": {
        "darwin": "darwin",
        "home-manager": "home-manager",
        "nixpkgs": [
          "nixpkgs"
        ],
        "systems": "systems"
      },
      "locked": {
        "lastModified": 1762618334,
        "narHash": "sha256-wyT7Pl6tMFbFrs8Lk/TlEs81N6L+VSybPfiIgzU8lbQ=",
        "owner": "ryantm",
        "repo": "agenix",
        "rev": "fcdea223397448d35d9b31f798479227e80183f6",
        "type": "github"
      },
      "original": {
        "owner": "ryantm",
        "repo": "agenix",
        "type": "github"
      }
    },
    "darwin": {
      "inputs": {
        "nixpkgs": [
          "agenix",
          "nixpkgs"
        ]
      },
      "locked": {
        "lastModified": 1744478979,
        "narHash": "sha256-dyN+teG9G82G+m+PX/aSAagkC+vUv0SgUw3XkPhQodQ=",
        "owner": "lnl7",
        "repo": "nix-darwin",
        "rev": "43975d782b418ebf4969e9ccba82466728c2851b",
        "type": "github"
      },
      "original": {
        "owner": "lnl7",
        "ref": "master",
        "repo": "nix-darwin",
        "type": "github"
      }
    },
    "firefox-addons": {
      "inputs": {
        "flake-utils": "flake-utils",
        "nixpkgs": [
          "nixpkgs"
        ]
      },
      "locked": {
        "dir": "pkgs/firefox-addons",
        "lastModified": 1738901016,
        "narHash": "sha256-951N/EZZnq4+TmTV7jWBEQyjAdZ7f+jmfTrF6OgNe9o=",
        "owner": "rycee",
        "repo": "nur-expressions",
        "rev": "58bfa31fd4136a5b5fac268e93ff1789bd79d4a5",
        "type": "gitlab"
      },
      "original": {
        "dir": "pkgs/firefox-addons",
        "owner": "rycee",
        "repo": "nur-expressions",
        "type": "gitlab"
      }
    },
    "flake-utils": {
      "locked": {
        "lastModified": 1629284811,
        "narHash": "sha256-JHgasjPR0/J1J3DRm4KxM4zTyAj4IOJY8vIl75v/kPI=",
        "owner": "numtide",
        "repo": "flake-utils",
        "rev": "c5d161cc0af116a2e17f54316f0bf43f0819785c",
        "type": "github"
      },
      "original": {
        "owner": "numtide",
        "repo": "flake-utils",
        "type": "github"
      }
    },
    "home-manager": {
      "inputs": {
        "nixpkgs": [
          "agenix",
          "nixpkgs"
        ]
      },
      "locked": {
        "lastModified": 1745494811,
        "narHash": "sha256-YZCh2o9Ua1n9uCvrvi5pRxtuVNml8X2a03qIFfRKpFs=",
        "owner": "nix-community",
        "repo": "home-manager",
        "rev": "abfad3d2958c9e6300a883bd443512c55dfeb1be",
        "type": "github"
      },
      "original": {
        "owner": "nix-community",
        "repo": "home-manager",
        "type": "github"
      }
    },
    "home-manager_2": {
      "inputs": {
        "nixpkgs": [
          "nixpkgs"
        ]
      },
      "locked": {
        "lastModified": 1769813945,
        "narHash": "sha256-9ABv9Lo9t6MrFjlnRnU8Zw1C6LVj2+R8PipQ/rxGLHk=",
        "owner": "nix-community",
        "repo": "home-manager",
        "rev": "475921375def3eb930e1f8883f619ff8609accb6",
        "type": "github"
      },
      "original": {
        "owner": "nix-community",
        "repo": "home-manager",
        "rev": "475921375def3eb930e1f8883f619ff8609accb6",
        "type": "github"
      }
    },
    "nix-darwin": {
      "inputs": {
        "nixpkgs": [
          "nixpkgs"
        ]
      },
      "locked": {
        "lastModified": 1768764703,
        "narHash": "sha256-5ulSDyOG1U+1sJhkJHYsUOWEsmtLl97O0NTVMvgIVyc=",
        "owner": "nix-darwin",
        "repo": "nix-darwin",
        "rev": "0fc4e7ac670a0ed874abacf73c4b072a6a58064b",
        "type": "github"
      },
      "original": {
        "owner": "nix-darwin",
        "repo": "nix-darwin",
        "rev": "0fc4e7ac670a0ed874abacf73c4b072a6a58064b",
        "type": "github"
      }
    },
    "nixpkgs": {
      "locked": {
        "lastModified": 1769819419,
        "narHash": "sha256-gyUs8aTxhQF/ptJGh0HT21POr8wi6Y7YVUs7w+v6S4I=",
        "owner": "NixOS",
        "repo": "nixpkgs",
        "rev": "6d70567773843ee381a1adbb212d452a43b078dc",
        "type": "github"
      },
      "original": {
        "owner": "NixOS",
        "repo": "nixpkgs",
        "rev": "6d70567773843ee381a1adbb212d452a43b078dc",
        "type": "github"
      }
    },
    "nixpkgs-firefox-darwin": {
      "inputs": {
        "nixpkgs": [
          "nixpkgs"
        ]
      },
      "locked": {
        "lastModified": 1769736159,
        "narHash": "sha256-1Bc5Az6GVj58AwT5/YX467smmGK7rzYrjtzl08oqDnk=",
        "owner": "bandithedoge",
        "repo": "nixpkgs-firefox-darwin",
        "rev": "3d34ee3b73b456efde0d7950ce96575aea190692",
        "type": "github"
      },
      "original": {
        "owner": "bandithedoge",
        "repo": "nixpkgs-firefox-darwin",
        "rev": "3d34ee3b73b456efde0d7950ce96575aea190692",
        "type": "github"
      }
    },
    "root": {
      "inputs": {
        "agenix": "agenix",
        "firefox-addons": "firefox-addons",
        "home-manager": "home-manager_2",
        "nix-darwin": "nix-darwin",
        "nixpkgs": "nixpkgs",
        "nixpkgs-firefox-darwin": "nixpkgs-firefox-darwin",
        "secrets": "secrets"
      }
    },
    "secrets": {
      "flake": false,
      "locked": {
        "path": "../secrets",
        "type": "path"
      },
      "original": {
        "path": "../secrets",
        "type": "path"
      },
      "parent": []
    },
    "systems": {
      "locked": {
        "lastModified": 1681028828,
        "narHash": "sha256-Vy1rq5AaRuLzOxct8nz4T6wlgyUR7zLU309k9mBC768=",
        "owner": "nix-systems",
        "repo": "default",
        "rev": "da67096a3b9bf56a91d16901293e51ba5b49a27e",
        "type": "github"
      },
      "original": {
        "owner": "nix-systems",
        "repo": "default",
        "type": "github"
      }
    }
  },
  "root": "root",
  "version": 7
}
